
Microsoft Visual Studio Solution File, Format Version 12.00
# Visual Studio Version 17
VisualStudioVersion = 17.5.33502.453
MinimumVisualStudioVersion = 10.0.40219.1
Project("{9A19103F-16F7-4668-BE54-9A1E7A4F7556}") = "Southport.Messaging.Phone.Vonage", "Southport.Messaging.Phone.Vonage\Southport.Messaging.Phone.Vonage.csproj", "{E9389114-B7F6-45BD-8FB4-DFF5E51CF9A9}"
EndProject
Project("{9A19103F-16F7-4668-BE54-9A1E7A4F7556}") = "Southport.Messaging.Phone.Vonage.Tests", "Southport.Messaging.Phone.Vonage.Tests\Southport.Messaging.Phone.Vonage.Tests.csproj", "{082BA51B-CE34-4378-B61B-7409BD49C46A}"
EndProject
Global
	GlobalSection(SolutionConfigurationPlatforms) = preSolution
		Debug|Any CPU = Debug|Any CPU
		Release|Any CPU = Release|Any CPU
	EndGlobalSection
	GlobalSection(ProjectConfigurationPlatforms) = postSolution
		{E9389114-B7F6-45BD-8FB4-DFF5E51CF9A9}.Debug|Any CPU.ActiveCfg = Debug|Any CPU
		{E9389114-B7F6-45BD-8FB4-DFF5E51CF9A9}.Debug|Any CPU.Build.0 = Debug|Any CPU
		{E9389114-B7F6-45BD-8FB4-DFF5E51CF9A9}.Release|Any CPU.ActiveCfg = Release|Any CPU
		{E9389114-B7F6-45BD-8FB4-DFF5E51CF9A9}.Release|Any CPU.Build.0 = Release|Any CPU
		{082BA51B-CE34-4378-B61B-7409BD49C46A}.Debug|Any CPU.ActiveCfg = Debug|Any CPU
		{082BA51B-CE34-4378-B61B-7409BD49C46A}.Debug|Any CPU.Build.0 = Debug|Any CPU
		{082BA51B-CE34-4378-B61B-7409BD49C46A}.Release|Any CPU.ActiveCfg = Release|Any CPU
		{082BA51B-CE34-4378-B61B-7409BD49C46A}.Release|Any CPU.Build.0 = Release|Any CPU
	EndGlobalSection
	GlobalSection(SolutionProperties) = preSolution
		HideSolutionNode = FALSE
	EndGlobalSection
	GlobalSection(ExtensibilityGlobals) = postSolution
		SolutionGuid = {1D8F9821-D660-4F28-A77B-0081ECBCB870}
	EndGlobalSection
EndGlobal
